github.com/allegro/bigcache/v3 v3.1.0 h1:H2Vp8VOvxcrB91o86fUSVJFqeuz8kpyyB02eH3bSzwk=
github.com/allegro/bigcache/v3 v3.1.0/go.mod h1:aPyh7jEvrog9zAwx5N7+JUQX5dZTSGpxF1LAR4dr35I=
github.com/google/uuid v1.6.0 h1:NIvaJDMOsjHA8n1jAhLSgzrAzy1Hgr+hNrb57e+94F0=
github.com/google/uuid v1.6.0/go.mod h1:TIyPZe4MgqvfeYDBFedMoGGpEw/LqOeaOT+nhxU+yHo=
golang.org/x/sync v0.9.0 h1:fEo0HyrW1GIgZdpbhCRO0PkJajUS5H9IFUztCgEo2jQ=
golang.org/x/sync v0.9.0/go.mod h1:Czt+wKu1gCyEFDUtn0jG5QVvpJ6rzVqr5aXyt9drQfk=
golang.org/x/time v0.8.0 h1:9i3RxcPv3PZnitoVGMPDKZSq1xW1gK1Xy3ArNOGZfEg=
golang.org/x/time v0.8.0/go.mod h1:3BpzKBy/shNhVucY/MWOyx10tF3SFh9QdLuxbVysPQM=
